
Microsoft Visual Studio Solution File, Format Version 12.00
# Visual Studio 2013
VisualStudioVersion = 12.0.30501.0
MinimumVisualStudioVersion = 10.0.40219.1
Project("{FAE04EC0-301F-11D3-BF4B-00C04F79EFBC}") = "ConfReload", "ConfReload\ConfReload.csproj", "{A37BF3EA-696D-4F4D-9B9C-265A04228850}"
EndProject
Project("{FAE04EC0-301F-11D3-BF4B-00C04F79EFBC}") = "ConfReload.Tests", "ConfReload.Tests\ConfReload.Tests.csproj", "{9F1B6C69-BC98-4539-B91E-6421CBDF2334}"
EndProject
Global
	GlobalSection(SolutionConfigurationPlatforms) = preSolution
		Debug|Any CPU = Debug|Any CPU
		Release|Any CPU = Release|Any CPU
	EndGlobalSection
	GlobalSection(ProjectConfigurationPlatforms) = postSolution
		{A37BF3EA-696D-4F4D-9B9C-265A04228850}.Debug|Any CPU.ActiveCfg = Debug|Any CPU
		{A37BF3EA-696D-4F4D-9B9C-265A04228850}.Debug|Any CPU.Build.0 = Debug|Any CPU
		{A37BF3EA-696D-4F4D-9B9C-265A04228850}.Release|Any CPU.ActiveCfg = Release|Any CPU
		{A37BF3EA-696D-4F4D-9B9C-265A04228850}.Release|Any CPU.Build.0 = Release|Any CPU
		{9F1B6C69-BC98-4539-B91E-6421CBDF2334}.Debug|Any CPU.ActiveCfg = Debug|Any CPU
		{9F1B6C69-BC98-4539-B91E-6421CBDF2334}.Debug|Any CPU.Build.0 = Debug|Any CPU
		{9F1B6C69-BC98-4539-B91E-6421CBDF2334}.Release|Any CPU.ActiveCfg = Release|Any CPU
		{9F1B6C69-BC98-4539-B91E-6421CBDF2334}.Release|Any CPU.Build.0 = Release|Any CPU
	EndGlobalSection
	GlobalSection(SolutionProperties) = preSolution
		HideSolutionNode = FALSE
	EndGlobalSection
EndGlobal
